dependencies:
- name: kepler
  repository: https://sustainable-computing-io.github.io/kepler-helm-chart
  version: 0.6.1
- name: prometheus-node-exporter
  repository: https://prometheus-community.github.io/helm-charts
  version: 4.54.0
- name: prometheus-windows-exporter
  repository: https://prometheus-community.github.io/helm-charts
  version: 0.12.6
- name: kube-state-metrics
  repository: https://prometheus-community.github.io/helm-charts
  version: 7.3.0
- name: opencost
  repository: https://opencost.github.io/opencost-helm-chart
  version: 2.5.14
digest: sha256:65e17ff4ca06121344f0d97635d294be3254ed1193d1e4e10c97970cfb9cd5bb
generated: "2026-05-02T21:03:02.971058518Z"
